
Microsoft Visual Studio Solution File, Format Version 12.00
# Visual Studio Version 16
VisualStudioVersion = 16.0.35931.194
MinimumVisualStudioVersion = 10.0.40219.1
Project("{FAE04EC0-301F-11D3-BF4B-00C04F79EFBC}") = "EnrollmentSituation", "EnrollmentSituation\EnrollmentSituation.csproj", "{B013D867-7A59-430B-AAC1-4100D5601B36}"
EndProject
Global
	GlobalSection(SolutionConfigurationPlatforms) = preSolution
		Debug|Any CPU = Debug|Any CPU
		Release|Any CPU = Release|Any CPU
	EndGlobalSection
	GlobalSection(ProjectConfigurationPlatforms) = postSolution
		{B013D867-7A59-430B-AAC1-4100D5601B36}.Debug|Any CPU.ActiveCfg = Debug|Any CPU
		{B013D867-7A59-430B-AAC1-4100D5601B36}.Debug|Any CPU.Build.0 = Debug|Any CPU
		{B013D867-7A59-430B-AAC1-4100D5601B36}.Release|Any CPU.ActiveCfg = Release|Any CPU
		{B013D867-7A59-430B-AAC1-4100D5601B36}.Release|Any CPU.Build.0 = Release|Any CPU
	EndGlobalSection
	GlobalSection(SolutionProperties) = preSolution
		HideSolutionNode = FALSE
	EndGlobalSection
	GlobalSection(ExtensibilityGlobals) = postSolution
		SolutionGuid = {D40C1AF9-CDE6-43C9-9FB7-9701CE5D0CE8}
	EndGlobalSection
EndGlobal
